
Microsoft Visual Studio Solution File, Format Version 12.00
# Visual Studio 15
VisualStudioVersion = 15.0.27703.2000
MinimumVisualStudioVersion = 10.0.40219.1
Project("{9A19103F-16F7-4668-BE54-9A1E7A4F7556}") = "RoslynLogging", "RoslynLogging\RoslynLogging.csproj", "{9A3711BD-0818-4677-B074-F2CA977053D1}"
EndProject
Project("{9A19103F-16F7-4668-BE54-9A1E7A4F7556}") = "LoggingAPI", "LoggingAPI\LoggingAPI.csproj", "{EEA0FF82-AD65-4339-9535-DAFBE9580056}"
EndProject
Global
	GlobalSection(SolutionConfigurationPlatforms) = preSolution
		Debug|Any CPU = Debug|Any CPU
		Release|Any CPU = Release|Any CPU
	EndGlobalSection
	GlobalSection(ProjectConfigurationPlatforms) = postSolution
		{9A3711BD-0818-4677-B074-F2CA977053D1}.Debug|Any CPU.ActiveCfg = Debug|Any CPU
		{9A3711BD-0818-4677-B074-F2CA977053D1}.Debug|Any CPU.Build.0 = Debug|Any CPU
		{9A3711BD-0818-4677-B074-F2CA977053D1}.Release|Any CPU.ActiveCfg = Release|Any CPU
		{9A3711BD-0818-4677-B074-F2CA977053D1}.Release|Any CPU.Build.0 = Release|Any CPU
		{EEA0FF82-AD65-4339-9535-DAFBE9580056}.Debug|Any CPU.ActiveCfg = Debug|Any CPU
		{EEA0FF82-AD65-4339-9535-DAFBE9580056}.Debug|Any CPU.Build.0 = Debug|Any CPU
		{EEA0FF82-AD65-4339-9535-DAFBE9580056}.Release|Any CPU.ActiveCfg = Release|Any CPU
		{EEA0FF82-AD65-4339-9535-DAFBE9580056}.Release|Any CPU.Build.0 = Release|Any CPU
	EndGlobalSection
	GlobalSection(SolutionProperties) = preSolution
		HideSolutionNode = FALSE
	EndGlobalSection
	GlobalSection(ExtensibilityGlobals) = postSolution
		SolutionGuid = {121F6BD7-1FA5-4FB3-A97C-0FDBEC3AA1A8}
	EndGlobalSection
EndGlobal
